
Microsoft Visual Studio Solution File, Format Version 12.00
# Visual Studio 15
VisualStudioVersion = 15.0.28307.168
MinimumVisualStudioVersion = 10.0.40219.1
Project("{8BC9CEB8-8B4A-11D0-8D11-00A0C91BC942}") = "solar", "solar\solar.vcxproj", "{DA0E6719-76E6-4B21-A227-CA1A77F48363}"
EndProject
Global
	GlobalSection(SolutionConfigurationPlatforms) = preSolution
		Debug|x64 = Debug|x64
		Debug|x86 = Debug|x86
		Release|x64 = Release|x64
		Release|x86 = Release|x86
	EndGlobalSection
	GlobalSection(ProjectConfigurationPlatforms) = postSolution
		{DA0E6719-76E6-4B21-A227-CA1A77F48363}.Debug|x64.ActiveCfg = Debug|x64
		{DA0E6719-76E6-4B21-A227-CA1A77F48363}.Debug|x64.Build.0 = Debug|x64
		{DA0E6719-76E6-4B21-A227-CA1A77F48363}.Debug|x86.ActiveCfg = Debug|Win32
		{DA0E6719-76E6-4B21-A227-CA1A77F48363}.Debug|x86.Build.0 = Debug|Win32
		{DA0E6719-76E6-4B21-A227-CA1A77F48363}.Release|x64.ActiveCfg = Release|x64
		{DA0E6719-76E6-4B21-A227-CA1A77F48363}.Release|x64.Build.0 = Release|x64
		{DA0E6719-76E6-4B21-A227-CA1A77F48363}.Release|x86.ActiveCfg = Release|Win32
		{DA0E6719-76E6-4B21-A227-CA1A77F48363}.Release|x86.Build.0 = Release|Win32
	EndGlobalSection
	GlobalSection(SolutionProperties) = preSolution
		HideSolutionNode = FALSE
	EndGlobalSection
	GlobalSection(ExtensibilityGlobals) = postSolution
		SolutionGuid = {EDFFC278-5C2F-4448-B5EC-793A986C3277}
	EndGlobalSection
EndGlobal
